
Microsoft Visual Studio Solution File, Format Version 12.00
# Visual Studio 15
VisualStudioVersion = 15.0.28307.2017
MinimumVisualStudioVersion = 10.0.40219.1
Project("{FAE04EC0-301F-11D3-BF4B-00C04F79EFBC}") = "ProvaSAEP", "ProvaSAEP\ProvaSAEP.csproj", "{81EA7B0B-9D44-4FA0-BE73-04A62F2CD89C}"
EndProject
Global
	GlobalSection(SolutionConfigurationPlatforms) = preSolution
		Debug|Any CPU = Debug|Any CPU
		Release|Any CPU = Release|Any CPU
	EndGlobalSection
	GlobalSection(ProjectConfigurationPlatforms) = postSolution
		{81EA7B0B-9D44-4FA0-BE73-04A62F2CD89C}.Debug|Any CPU.ActiveCfg = Debug|Any CPU
		{81EA7B0B-9D44-4FA0-BE73-04A62F2CD89C}.Debug|Any CPU.Build.0 = Debug|Any CPU
		{81EA7B0B-9D44-4FA0-BE73-04A62F2CD89C}.Release|Any CPU.ActiveCfg = Release|Any CPU
		{81EA7B0B-9D44-4FA0-BE73-04A62F2CD89C}.Release|Any CPU.Build.0 = Release|Any CPU
	EndGlobalSection
	GlobalSection(SolutionProperties) = preSolution
		HideSolutionNode = FALSE
	EndGlobalSection
	GlobalSection(ExtensibilityGlobals) = postSolution
		SolutionGuid = {5BD40A8F-9EA6-49D0-A491-15D1ECCDAEE6}
	EndGlobalSection
EndGlobal
